
Microsoft Visual Studio Solution File, Format Version 12.00
# Visual Studio Version 17
VisualStudioVersion = 17.9.34701.34
MinimumVisualStudioVersion = 10.0.40219.1
Project("{FAE04EC0-301F-11D3-BF4B-00C04F79EFBC}") = "OOP_GROUP_29", "OOP_GROUP_29.csproj", "{30CD01CB-F660-4084-A052-E05BAAEB12E1}"
EndProject
Global
	GlobalSection(SolutionConfigurationPlatforms) = preSolution
		Debug|Any CPU = Debug|Any CPU
		Release|Any CPU = Release|Any CPU
	EndGlobalSection
	GlobalSection(ProjectConfigurationPlatforms) = postSolution
		{30CD01CB-F660-4084-A052-E05BAAEB12E1}.Debug|Any CPU.ActiveCfg = Debug|Any CPU
		{30CD01CB-F660-4084-A052-E05BAAEB12E1}.Debug|Any CPU.Build.0 = Debug|Any CPU
		{30CD01CB-F660-4084-A052-E05BAAEB12E1}.Release|Any CPU.ActiveCfg = Release|Any CPU
		{30CD01CB-F660-4084-A052-E05BAAEB12E1}.Release|Any CPU.Build.0 = Release|Any CPU
	EndGlobalSection
	GlobalSection(SolutionProperties) = preSolution
		HideSolutionNode = FALSE
	EndGlobalSection
	GlobalSection(ExtensibilityGlobals) = postSolution
		SolutionGuid = {FD0699FA-4F7B-4CA3-B416-84EBCF29AE28}
	EndGlobalSection
EndGlobal
